
Microsoft Visual Studio Solution File, Format Version 12.00
# Visual Studio Version 17
VisualStudioVersion = 17.7.34024.191
MinimumVisualStudioVersion = 10.0.40219.1
Project("{9A19103F-16F7-4668-BE54-9A1E7A4F7556}") = "UI", "UI.csproj", "{1F47B849-EE51-4B0F-9672-0BD8AA66EF7D}"
EndProject
Project("{9A19103F-16F7-4668-BE54-9A1E7A4F7556}") = "Model", "..\Model\Model.csproj", "{EE33C28C-E658-43B3-9457-6C540F9797B3}"
EndProject
Project("{9A19103F-16F7-4668-BE54-9A1E7A4F7556}") = "Logic", "..\Logic\Logic.csproj", "{E3D970FB-E023-436A-9AF2-1596F06E4580}"
EndProject
Project("{9A19103F-16F7-4668-BE54-9A1E7A4F7556}") = "DAL", "..\DAL\DAL.csproj", "{1035C367-B899-45EB-9EFA-6262F698015F}"
EndProject
Project("{FAE04EC0-301F-11D3-BF4B-00C04F79EFBC}") = "Tools", "..\Tools\Tools.csproj", "{B7DDB856-838F-4C82-AEC2-16EE67CC9D57}"
EndProject
Global
	GlobalSection(SolutionConfigurationPlatforms) = preSolution
		Debug|Any CPU = Debug|Any CPU
		Release|Any CPU = Release|Any CPU
	EndGlobalSection
	GlobalSection(ProjectConfigurationPlatforms) = postSolution
		{1F47B849-EE51-4B0F-9672-0BD8AA66EF7D}.Debug|Any CPU.ActiveCfg = Debug|Any CPU
		{1F47B849-EE51-4B0F-9672-0BD8AA66EF7D}.Debug|Any CPU.Build.0 = Debug|Any CPU
		{1F47B849-EE51-4B0F-9672-0BD8AA66EF7D}.Release|Any CPU.ActiveCfg = Release|Any CPU
		{1F47B849-EE51-4B0F-9672-0BD8AA66EF7D}.Release|Any CPU.Build.0 = Release|Any CPU
		{EE33C28C-E658-43B3-9457-6C540F9797B3}.Debug|Any CPU.ActiveCfg = Debug|Any CPU
		{EE33C28C-E658-43B3-9457-6C540F9797B3}.Debug|Any CPU.Build.0 = Debug|Any CPU
		{EE33C28C-E658-43B3-9457-6C540F9797B3}.Release|Any CPU.ActiveCfg = Release|Any CPU
		{EE33C28C-E658-43B3-9457-6C540F9797B3}.Release|Any CPU.Build.0 = Release|Any CPU
		{E3D970FB-E023-436A-9AF2-1596F06E4580}.Debug|Any CPU.ActiveCfg = Debug|Any CPU
		{E3D970FB-E023-436A-9AF2-1596F06E4580}.Debug|Any CPU.Build.0 = Debug|Any CPU
		{E3D970FB-E023-436A-9AF2-1596F06E4580}.Release|Any CPU.ActiveCfg = Release|Any CPU
		{E3D970FB-E023-436A-9AF2-1596F06E4580}.Release|Any CPU.Build.0 = Release|Any CPU
		{1035C367-B899-45EB-9EFA-6262F698015F}.Debug|Any CPU.ActiveCfg = Debug|Any CPU
		{1035C367-B899-45EB-9EFA-6262F698015F}.Debug|Any CPU.Build.0 = Debug|Any CPU
		{1035C367-B899-45EB-9EFA-6262F698015F}.Release|Any CPU.ActiveCfg = Release|Any CPU
		{1035C367-B899-45EB-9EFA-6262F698015F}.Release|Any CPU.Build.0 = Release|Any CPU
		{B7DDB856-838F-4C82-AEC2-16EE67CC9D57}.Debug|Any CPU.ActiveCfg = Debug|Any CPU
		{B7DDB856-838F-4C82-AEC2-16EE67CC9D57}.Debug|Any CPU.Build.0 = Debug|Any CPU
		{B7DDB856-838F-4C82-AEC2-16EE67CC9D57}.Release|Any CPU.ActiveCfg = Release|Any CPU
		{B7DDB856-838F-4C82-AEC2-16EE67CC9D57}.Release|Any CPU.Build.0 = Release|Any CPU
	EndGlobalSection
	GlobalSection(SolutionProperties) = preSolution
		HideSolutionNode = FALSE
	EndGlobalSection
	GlobalSection(ExtensibilityGlobals) = postSolution
		SolutionGuid = {09723785-940B-4187-B55E-ADF543977641}
	EndGlobalSection
EndGlobal
